
Microsoft Visual Studio Solution File, Format Version 12.00
# Visual Studio 15
VisualStudioVersion = 15.0.28307.329
MinimumVisualStudioVersion = 10.0.40219.1
Project("{FAE04EC0-301F-11D3-BF4B-00C04F79EFBC}") = "NewsWebApp", "NewsWebApp\NewsWebApp.csproj", "{EFD49C30-8036-446F-99D9-F7E3D6FCAA05}"
EndProject
Global
	GlobalSection(SolutionConfigurationPlatforms) = preSolution
		Debug|Any CPU = Debug|Any CPU
		Release|Any CPU = Release|Any CPU
	EndGlobalSection
	GlobalSection(ProjectConfigurationPlatforms) = postSolution
		{EFD49C30-8036-446F-99D9-F7E3D6FCAA05}.Debug|Any CPU.ActiveCfg = Debug|Any CPU
		{EFD49C30-8036-446F-99D9-F7E3D6FCAA05}.Debug|Any CPU.Build.0 = Debug|Any CPU
		{EFD49C30-8036-446F-99D9-F7E3D6FCAA05}.Release|Any CPU.ActiveCfg = Release|Any CPU
		{EFD49C30-8036-446F-99D9-F7E3D6FCAA05}.Release|Any CPU.Build.0 = Release|Any CPU
	EndGlobalSection
	GlobalSection(SolutionProperties) = preSolution
		HideSolutionNode = FALSE
	EndGlobalSection
	GlobalSection(ExtensibilityGlobals) = postSolution
		SolutionGuid = {0C3F38AF-6E11-402B-A294-8BD14BC27352}
	EndGlobalSection
EndGlobal
